
Microsoft Visual Studio Solution File, Format Version 12.00
# Visual Studio 15
VisualStudioVersion = 15.0.28307.705
MinimumVisualStudioVersion = 10.0.40219.1
Project("{FAE04EC0-301F-11D3-BF4B-00C04F79EFBC}") = "WCFserviceREST", "WCFserviceREST\WCFserviceREST.csproj", "{0E027CD9-F888-491D-B4F2-B039E8FE68E1}"
EndProject
Project("{FAE04EC0-301F-11D3-BF4B-00C04F79EFBC}") = "WCFServicesTest", "WCFServicesTest\WCFServicesTest.csproj", "{ACF516EA-AAD3-44E3-AA05-050CBDC7EF3A}"
EndProject
Global
	GlobalSection(SolutionConfigurationPlatforms) = preSolution
		Debug|Any CPU = Debug|Any CPU
		Release|Any CPU = Release|Any CPU
	EndGlobalSection
	GlobalSection(ProjectConfigurationPlatforms) = postSolution
		{0E027CD9-F888-491D-B4F2-B039E8FE68E1}.Debug|Any CPU.ActiveCfg = Debug|Any CPU
		{0E027CD9-F888-491D-B4F2-B039E8FE68E1}.Debug|Any CPU.Build.0 = Debug|Any CPU
		{0E027CD9-F888-491D-B4F2-B039E8FE68E1}.Release|Any CPU.ActiveCfg = Release|Any CPU
		{0E027CD9-F888-491D-B4F2-B039E8FE68E1}.Release|Any CPU.Build.0 = Release|Any CPU
		{ACF516EA-AAD3-44E3-AA05-050CBDC7EF3A}.Debug|Any CPU.ActiveCfg = Debug|Any CPU
		{ACF516EA-AAD3-44E3-AA05-050CBDC7EF3A}.Debug|Any CPU.Build.0 = Debug|Any CPU
		{ACF516EA-AAD3-44E3-AA05-050CBDC7EF3A}.Release|Any CPU.ActiveCfg = Release|Any CPU
		{ACF516EA-AAD3-44E3-AA05-050CBDC7EF3A}.Release|Any CPU.Build.0 = Release|Any CPU
	EndGlobalSection
	GlobalSection(SolutionProperties) = preSolution
		HideSolutionNode = FALSE
	EndGlobalSection
	GlobalSection(ExtensibilityGlobals) = postSolution
		SolutionGuid = {CA62B17D-148F-40BF-B48A-7A3485AC0F55}
	EndGlobalSection
EndGlobal
