
Microsoft Visual Studio Solution File, Format Version 12.00
# Visual Studio 15
VisualStudioVersion = 15.0.28010.2048
MinimumVisualStudioVersion = 10.0.40219.1
Project("{FAE04EC0-301F-11D3-BF4B-00C04F79EFBC}") = "WCFRecordConductorService", "WCFRecordConductorService\WCFRecordConductorService.csproj", "{730C4560-67C7-47A4-92FE-A230BD269FCB}"
EndProject
Project("{FAE04EC0-301F-11D3-BF4B-00C04F79EFBC}") = "WCFServiceTEST", "WCFServiceTEST\WCFServiceTEST.csproj", "{D52EA328-9565-41CB-958D-DD84CA080EBD}"
EndProject
Global
	GlobalSection(SolutionConfigurationPlatforms) = preSolution
		Debug|Any CPU = Debug|Any CPU
		Release|Any CPU = Release|Any CPU
	EndGlobalSection
	GlobalSection(ProjectConfigurationPlatforms) = postSolution
		{730C4560-67C7-47A4-92FE-A230BD269FCB}.Debug|Any CPU.ActiveCfg = Debug|Any CPU
		{730C4560-67C7-47A4-92FE-A230BD269FCB}.Debug|Any CPU.Build.0 = Debug|Any CPU
		{730C4560-67C7-47A4-92FE-A230BD269FCB}.Release|Any CPU.ActiveCfg = Release|Any CPU
		{730C4560-67C7-47A4-92FE-A230BD269FCB}.Release|Any CPU.Build.0 = Release|Any CPU
		{D52EA328-9565-41CB-958D-DD84CA080EBD}.Debug|Any CPU.ActiveCfg = Debug|Any CPU
		{D52EA328-9565-41CB-958D-DD84CA080EBD}.Debug|Any CPU.Build.0 = Debug|Any CPU
		{D52EA328-9565-41CB-958D-DD84CA080EBD}.Release|Any CPU.ActiveCfg = Release|Any CPU
		{D52EA328-9565-41CB-958D-DD84CA080EBD}.Release|Any CPU.Build.0 = Release|Any CPU
	EndGlobalSection
	GlobalSection(SolutionProperties) = preSolution
		HideSolutionNode = FALSE
	EndGlobalSection
	GlobalSection(ExtensibilityGlobals) = postSolution
		SolutionGuid = {4C9D39A1-0B6A-4A42-BE28-67ED320B3EAC}
	EndGlobalSection
EndGlobal
